
Microsoft Visual Studio Solution File, Format Version 12.00
# Visual Studio Version 17
VisualStudioVersion = 17.14.36429.23 d17.14
MinimumVisualStudioVersion = 10.0.40219.1
Project("{FAE04EC0-301F-11D3-BF4B-00C04F79EFBC}") = "C#Day7", "C#Day7\C#Day7.csproj", "{FC2B9CD6-8B46-4038-908C-31C04F250118}"
EndProject
Global
	GlobalSection(SolutionConfigurationPlatforms) = preSolution
		Debug|Any CPU = Debug|Any CPU
		Release|Any CPU = Release|Any CPU
	EndGlobalSection
	GlobalSection(ProjectConfigurationPlatforms) = postSolution
		{FC2B9CD6-8B46-4038-908C-31C04F250118}.Debug|Any CPU.ActiveCfg = Debug|Any CPU
		{FC2B9CD6-8B46-4038-908C-31C04F250118}.Debug|Any CPU.Build.0 = Debug|Any CPU
		{FC2B9CD6-8B46-4038-908C-31C04F250118}.Release|Any CPU.ActiveCfg = Release|Any CPU
		{FC2B9CD6-8B46-4038-908C-31C04F250118}.Release|Any CPU.Build.0 = Release|Any CPU
	EndGlobalSection
	GlobalSection(SolutionProperties) = preSolution
		HideSolutionNode = FALSE
	EndGlobalSection
	GlobalSection(ExtensibilityGlobals) = postSolution
		SolutionGuid = {74E1A754-C16F-4203-A31B-F62C5315F4B3}
	EndGlobalSection
EndGlobal
